// !$*UTF8*$!
{
	archiveVersion = 1;
	classes = {
	};
	objectVersion = 56;
	objects = {

/* Begin PBXBuildFile section */
		89B425122D1E63C4002CEC2F /* AppDelegate.swift in Sources */ = {isa = PBXBuildFile; fileRef = 89B425112D1E63C4002CEC2F /* AppDelegate.swift */; };
		89B425142D1E63C4002CEC2F /* SceneDelegate.swift in Sources */ = {isa = PBXBuildFile; fileRef = 89B425132D1E63C4002CEC2F /* SceneDelegate.swift */; };
		89B425162D1E63C4002CEC2F /* LoginController.swift in Sources */ = {isa = PBXBuildFile; fileRef = 89B425152D1E63C4002CEC2F /* LoginController.swift */; };
		89B425192D1E63C4002CEC2F /* Base in Resources */ = {isa = PBXBuildFile; fileRef = 89B425182D1E63C4002CEC2F /* Base */; };
		89B4251B2D1E63C5002CEC2F /* Assets.xcassets in Resources */ = {isa = PBXBuildFile; fileRef = 89B4251A2D1E63C5002CEC2F /* Assets.xcassets */; };
		89B4251E2D1E63C5002CEC2F /* Base in Resources */ = {isa = PBXBuildFile; fileRef = 89B4251D2D1E63C5002CEC2F /* Base */; };
		89B425272D1E7158002CEC2F /* ModelLogin.swift in Sources */ = {isa = PBXBuildFile; fileRef = 89B425262D1E7158002CEC2F /* ModelLogin.swift */; };
		89B4252B2D1E71E8002CEC2F /* DashboardViewController.swift in Sources */ = {isa = PBXBuildFile; fileRef = 89B425292D1E71E8002CEC2F /* DashboardViewController.swift */; };
		89B4252C2D1E71E8002CEC2F /* DashboardViewController.xib in Resources */ = {isa = PBXBuildFile; fileRef = 89B4252A2D1E71E8002CEC2F /* DashboardViewController.xib */; };
		89B4252E2D1E71FD002CEC2F /* ModelDashboard.swift in Sources */ = {isa = PBXBuildFile; fileRef = 89B4252D2D1E71FD002CEC2F /* ModelDashboard.swift */; };
		C4CF56732950D614C2D96032 /* Pods_pruebaGoNet_BBVA.framework in Frameworks */ = {isa = PBXBuildFile; fileRef = 82249F499C7075F1A373C957 /* Pods_pruebaGoNet_BBVA.framework */; };
/* End PBXBuildFile section */

/* Begin PBXCopyFilesBuildPhase section */
		895091952D1E7C2800832059 /* Embed Frameworks */ = {
			isa = PBXCopyFilesBuildPhase;
			buildActionMask = 2147483647;
			dstPath = "";
			dstSubfolderSpec = 10;
			files = (
			);
			name = "Embed Frameworks";
			runOnlyForDeploymentPostprocessing = 0;
		};
/* End PBXCopyFilesBuildPhase section */

/* Begin PBXFileReference section */
		82249F499C7075F1A373C957 /* Pods_pruebaGoNet_BBVA.framework */ = {isa = PBXFileReference; explicitFileType = wrapper.framework; includeInIndex = 0; path = Pods_pruebaGoNet_BBVA.framework; sourceTree = BUILT_PRODUCTS_DIR; };
		89B4250E2D1E63C4002CEC2F /* pruebaGoNet-BBVA.app */ = {isa = PBXFileReference; explicitFileType = wrapper.application; includeInIndex = 0; path = "pruebaGoNet-BBVA.app"; sourceTree = BUILT_PRODUCTS_DIR; };
		89B425112D1E63C4002CEC2F /* AppDelegate.swift */ = {isa = PBXFileReference; lastKnownFileType = sourcecode.swift; path = AppDelegate.swift; sourceTree = "<group>"; };
		89B425132D1E63C4002CEC2F /* SceneDelegate.swift */ = {isa = PBXFileReference; lastKnownFileType = sourcecode.swift; path = SceneDelegate.swift; sourceTree = "<group>"; };
		89B425152D1E63C4002CEC2F /* LoginController.swift */ = {isa = PBXFileReference; lastKnownFileType = sourcecode.swift; path = LoginController.swift; sourceTree = "<group>"; };
		89B425182D1E63C4002CEC2F /* Base */ = {isa = PBXFileReference; lastKnownFileType = file.storyboard; name = Base; path = Base.lproj/Main.storyboard; sourceTree = "<group>"; };
		89B4251A2D1E63C5002CEC2F /* Assets.xcassets */ = {isa = PBXFileReference; lastKnownFileType = folder.assetcatalog; path = Assets.xcassets; sourceTree = "<group>"; };
		89B4251D2D1E63C5002CEC2F /* Base */ = {isa = PBXFileReference; lastKnownFileType = file.storyboard; name = Base; path = Base.lproj/LaunchScreen.storyboard; sourceTree = "<group>"; };
		89B4251F2D1E63C5002CEC2F /* Info.plist */ = {isa = PBXFileReference; lastKnownFileType = text.plist.xml; path = Info.plist; sourceTree = "<group>"; };
		89B425262D1E7158002CEC2F /* ModelLogin.swift */ = {isa = PBXFileReference; lastKnownFileType = sourcecode.swift; path = ModelLogin.swift; sourceTree = "<group>"; };
		89B425292D1E71E8002CEC2F /* DashboardViewController.swift */ = {isa = PBXFileReference; lastKnownFileType = sourcecode.swift; path = DashboardViewController.swift; sourceTree = "<group>"; };
		89B4252A2D1E71E8002CEC2F /* DashboardViewController.xib */ = {isa = PBXFileReference; lastKnownFileType = file.xib; path = DashboardViewController.xib; sourceTree = "<group>"; };
		89B4252D2D1E71FD002CEC2F /* ModelDashboard.swift */ = {isa = PBXFileReference; lastKnownFileType = sourcecode.swift; path = ModelDashboard.swift; sourceTree = "<group>"; };
		BC09F78F3C8193826C4E7461 /* Pods-pruebaGoNet-BBVA.debug.xcconfig */ = {isa = PBXFileReference; includeInIndex = 1; lastKnownFileType = text.xcconfig; name = "Pods-pruebaGoNet-BBVA.debug.xcconfig"; path = "Target Support Files/Pods-pruebaGoNet-BBVA/Pods-pruebaGoNet-BBVA.debug.xcconfig"; sourceTree = "<group>"; };
		C688471DE6E7E70325E9509C /* Pods-pruebaGoNet-BBVA.release.xcconfig */ = {isa = PBXFileReference; includeInIndex = 1; lastKnownFileType = text.xcconfig; name = "Pods-pruebaGoNet-BBVA.release.xcconfig"; path = "Target Support Files/Pods-pruebaGoNet-BBVA/Pods-pruebaGoNet-BBVA.release.xcconfig"; sourceTree = "<group>"; };
/* End PBXFileReference section */

/* Begin PBXFrameworksBuildPhase section */
		89B4250B2D1E63C4002CEC2F /* Frameworks */ = {
			isa = PBXFrameworksBuildPhase;
			buildActionMask = 2147483647;
			files = (
				C4CF56732950D614C2D96032 /* Pods_pruebaGoNet_BBVA.framework in Frameworks */,
			);
			runOnlyForDeploymentPostprocessing = 0;
		};
/* End PBXFrameworksBuildPhase section */

/* Begin PBXGroup section */
		052CAF15E0BD80B2EE0D6756 /* Frameworks */ = {
			isa = PBXGroup;
			children = (
				82249F499C7075F1A373C957 /* Pods_pruebaGoNet_BBVA.framework */,
			);
			name = Frameworks;
			sourceTree = "<group>";
		};
		89B425052D1E63C4002CEC2F = {
			isa = PBXGroup;
			children = (
				89B425102D1E63C4002CEC2F /* pruebaGoNet-BBVA */,
				89B4250F2D1E63C4002CEC2F /* Products */,
				EF4EE9CACF299680D317CB0C /* Pods */,
				052CAF15E0BD80B2EE0D6756 /* Frameworks */,
			);
			sourceTree = "<group>";
		};
		89B4250F2D1E63C4002CEC2F /* Products */ = {
			isa = PBXGroup;
			children = (
				89B4250E2D1E63C4002CEC2F /* pruebaGoNet-BBVA.app */,
			);
			name = Products;
			sourceTree = "<group>";
		};
		89B425102D1E63C4002CEC2F /* pruebaGoNet-BBVA */ = {
			isa = PBXGroup;
			children = (
				89B425282D1E71BE002CEC2F /* Dashboard */,
				89B425252D1E641D002CEC2F /* Login */,
				89B425112D1E63C4002CEC2F /* AppDelegate.swift */,
				89B425132D1E63C4002CEC2F /* SceneDelegate.swift */,
				89B4251A2D1E63C5002CEC2F /* Assets.xcassets */,
				89B4251C2D1E63C5002CEC2F /* LaunchScreen.storyboard */,
				89B4251F2D1E63C5002CEC2F /* Info.plist */,
			);
			path = "pruebaGoNet-BBVA";
			sourceTree = "<group>";
		};
		89B425252D1E641D002CEC2F /* Login */ = {
			isa = PBXGroup;
			children = (
				89B425172D1E63C4002CEC2F /* Main.storyboard */,
				89B425152D1E63C4002CEC2F /* LoginController.swift */,
				89B425262D1E7158002CEC2F /* ModelLogin.swift */,
			);
			path = Login;
			sourceTree = "<group>";
		};
		89B425282D1E71BE002CEC2F /* Dashboard */ = {
			isa = PBXGroup;
			children = (
				89B425292D1E71E8002CEC2F /* DashboardViewController.swift */,
				89B4252A2D1E71E8002CEC2F /* DashboardViewController.xib */,
				89B4252D2D1E71FD002CEC2F /* ModelDashboard.swift */,
			);
			path = Dashboard;
			sourceTree = "<group>";
		};
		EF4EE9CACF299680D317CB0C /* Pods */ = {
			isa = PBXGroup;
			children = (
				BC09F78F3C8193826C4E7461 /* Pods-pruebaGoNet-BBVA.debug.xcconfig */,
				C688471DE6E7E70325E9509C /* Pods-pruebaGoNet-BBVA.release.xcconfig */,
			);
			path = Pods;
			sourceTree = "<group>";
		};
/* End PBXGroup section */

/* Begin PBXNativeTarget section */
		89B4250D2D1E63C4002CEC2F /* pruebaGoNet-BBVA */ = {
			isa = PBXNativeTarget;
			buildConfigurationList = 89B425222D1E63C5002CEC2F /* Build configuration list for PBXNativeTarget "pruebaGoNet-BBVA" */;
			buildPhases = (
				C115136A74F30DB7B98613D2 /* [CP] Check Pods Manifest.lock */,
				89B4250A2D1E63C4002CEC2F /* Sources */,
				89B4250B2D1E63C4002CEC2F /* Frameworks */,
				89B4250C2D1E63C4002CEC2F /* Resources */,
				895091952D1E7C2800832059 /* Embed Frameworks */,
				377D36BDD68A788ABE6FA9DA /* [CP] Embed Pods Frameworks */,
			);
			buildRules = (
			);
			dependencies = (
			);
			name = "pruebaGoNet-BBVA";
			productName = "pruebaGoNet-BBVA";
			productReference = 89B4250E2D1E63C4002CEC2F /* pruebaGoNet-BBVA.app */;
			productType = "com.apple.product-type.application";
		};
/* End PBXNativeTarget section */

/* Begin PBXProject section */
		89B425062D1E63C4002CEC2F /* Project object */ = {
			isa = PBXProject;
			attributes = {
				BuildIndependentTargetsInParallel = 1;
				LastSwiftUpdateCheck = 1540;
				LastUpgradeCheck = 1540;
				TargetAttributes = {
					89B4250D2D1E63C4002CEC2F = {
						CreatedOnToolsVersion = 15.4;
					};
				};
			};
			buildConfigurationList = 89B425092D1E63C4002CEC2F /* Build configuration list for PBXProject "pruebaGoNet-BBVA" */;
			compatibilityVersion = "Xcode 14.0";
			developmentRegion = en;
			hasScannedForEncodings = 0;
			knownRegions = (
				en,
				Base,
			);
			mainGroup = 89B425052D1E63C4002CEC2F;
			productRefGroup = 89B4250F2D1E63C4002CEC2F /* Products */;
			projectDirPath = "";
			projectRoot = "";
			targets = (
				89B4250D2D1E63C4002CEC2F /* pruebaGoNet-BBVA */,
			);
		};
/* End PBXProject section */

/* Begin PBXResourcesBuildPhase section */
		89B4250C2D1E63C4002CEC2F /* Resources */ = {
			isa = PBXResourcesBuildPhase;
			buildActionMask = 2147483647;
			files = (
				89B4251B2D1E63C5002CEC2F /* Assets.xcassets in Resources */,
				89B4251E2D1E63C5002CEC2F /* Base in Resources */,
				89B425192D1E63C4002CEC2F /* Base in Resources */,
				89B4252C2D1E71E8002CEC2F /* DashboardViewController.xib in Resources */,
			);
			runOnlyForDeploymentPostprocessing = 0;
		};
/* End PBXResourcesBuildPhase section */

/* Begin PBXShellScriptBuildPhase section */
		377D36BDD68A788ABE6FA9DA /* [CP] Embed Pods Frameworks */ = {
			isa = PBXShellScriptBuildPhase;
			buildActionMask = 2147483647;
			files = (
			);
			inputFileListPaths = (
				"${PODS_ROOT}/Target Support Files/Pods-pruebaGoNet-BBVA/Pods-pruebaGoNet-BBVA-frameworks-${CONFIGURATION}-input-files.xcfilelist",
			);
			name = "[CP] Embed Pods Frameworks";
			outputFileListPaths = (
				"${PODS_ROOT}/Target Support Files/Pods-pruebaGoNet-BBVA/Pods-pruebaGoNet-BBVA-frameworks-${CONFIGURATION}-output-files.xcfilelist",
			);
			runOnlyForDeploymentPostprocessing = 0;
			shellPath = /bin/sh;
			shellScript = "\"${PODS_ROOT}/Target Support Files/Pods-pruebaGoNet-BBVA/Pods-pruebaGoNet-BBVA-frameworks.sh\"\n";
			showEnvVarsInLog = 0;
		};
		C115136A74F30DB7B98613D2 /* [CP] Check Pods Manifest.lock */ = {
			isa = PBXShellScriptBuildPhase;
			buildActionMask = 2147483647;
			files = (
			);
			inputFileListPaths = (
			);
			inputPaths = (
				"${PODS_PODFILE_DIR_PATH}/Podfile.lock",
				"${PODS_ROOT}/Manifest.lock",
			);
			name = "[CP] Check Pods Manifest.lock";
			outputFileListPaths = (
			);
			outputPaths = (
				"$(DERIVED_FILE_DIR)/Pods-pruebaGoNet-BBVA-checkManifestLockResult.txt",
			);
			runOnlyForDeploymentPostprocessing = 0;
			shellPath = /bin/sh;
			shellScript = "diff \"${PODS_PODFILE_DIR_PATH}/Podfile.lock\" \"${PODS_ROOT}/Manifest.lock\" > /dev/null\nif [ $? != 0 ] ; then\n    # print error to STDERR\n    echo \"error: The sandbox is not in sync with the Podfile.lock. Run 'pod install' or update your CocoaPods installation.\" >&2\n    exit 1\nfi\n# This output is used by Xcode 'outputs' to avoid re-running this script phase.\necho \"SUCCESS\" > \"${SCRIPT_OUTPUT_FILE_0}\"\n";
			showEnvVarsInLog = 0;
		};
/* End PBXShellScriptBuildPhase section */

/* Begin PBXSourcesBuildPhase section */
		89B4250A2D1E63C4002CEC2F /* Sources */ = {
			isa = PBXSourcesBuildPhase;
			buildActionMask = 2147483647;
			files = (
				89B425162D1E63C4002CEC2F /* LoginController.swift in Sources */,
				89B425272D1E7158002CEC2F /* ModelLogin.swift in Sources */,
				89B4252B2D1E71E8002CEC2F /* DashboardViewController.swift in Sources */,
				89B425122D1E63C4002CEC2F /* AppDelegate.swift in Sources */,
				89B4252E2D1E71FD002CEC2F /* ModelDashboard.swift in Sources */,
				89B425142D1E63C4002CEC2F /* SceneDelegate.swift in Sources */,
			);
			runOnlyForDeploymentPostprocessing = 0;
		};
/* End PBXSourcesBuildPhase section */

/* Begin PBXVariantGroup section */
		89B425172D1E63C4002CEC2F /* Main.storyboard */ = {
			isa = PBXVariantGroup;
			children = (
				89B425182D1E63C4002CEC2F /* Base */,
			);
			name = Main.storyboard;
			sourceTree = "<group>";
		};
		89B4251C2D1E63C5002CEC2F /* LaunchScreen.storyboard */ = {
			isa = PBXVariantGroup;
			children = (
				89B4251D2D1E63C5002CEC2F /* Base */,
			);
			name = LaunchScreen.storyboard;
			sourceTree = "<group>";
		};
/* End PBXVariantGroup section */

/* Begin XCBuildConfiguration section */
		89B425202D1E63C5002CEC2F /* Debug */ = {
			isa = XCBuildConfiguration;
			buildSettings = {
				ALWAYS_SEARCH_USER_PATHS = NO;
				ASSETCATALOG_COMPILER_GENERATE_SWIFT_ASSET_SYMBOL_EXTENSIONS = YES;
				CLANG_ANALYZER_NONNULL = YES;
				CLANG_ANALYZER_NUMBER_OBJECT_CONVERSION = YES_AGGRESSIVE;
				CLANG_CXX_LANGUAGE_STANDARD = "gnu++20";
				CLANG_ENABLE_MODULES = YES;
				CLANG_ENABLE_OBJC_ARC = YES;
				CLANG_ENABLE_OBJC_WEAK = YES;
				CLANG_WARN_BLOCK_CAPTURE_AUTORELEASING = YES;
				CLANG_WARN_BOOL_CONVERSION = YES;
				CLANG_WARN_COMMA = YES;
				CLANG_WARN_CONSTANT_CONVERSION = YES;
				CLANG_WARN_DEPRECATED_OBJC_IMPLEMENTATIONS = YES;
				CLANG_WARN_DIRECT_OBJC_ISA_USAGE = YES_ERROR;
				CLANG_WARN_DOCUMENTATION_COMMENTS = YES;
				CLANG_WARN_EMPTY_BODY = YES;
				CLANG_WARN_ENUM_CONVERSION = YES;
				CLANG_WARN_INFINITE_RECURSION = YES;
				CLANG_WARN_INT_CONVERSION = YES;
				CLANG_WARN_NON_LITERAL_NULL_CONVERSION = YES;
				CLANG_WARN_OBJC_IMPLICIT_RETAIN_SELF = YES;
				CLANG_WARN_OBJC_LITERAL_CONVERSION = YES;
				CLANG_WARN_OBJC_ROOT_CLASS = YES_ERROR;
				CLANG_WARN_QUOTED_INCLUDE_IN_FRAMEWORK_HEADER = YES;
				CLANG_WARN_RANGE_LOOP_ANALYSIS = YES;
				CLANG_WARN_STRICT_PROTOTYPES = YES;
				CLANG_WARN_SUSPICIOUS_MOVE = YES;
				CLANG_WARN_UNGUARDED_AVAILABILITY = YES_AGGRESSIVE;
				CLANG_WARN_UNREACHABLE_CODE = YES;
				CLANG_WARN__DUPLICATE_METHOD_MATCH = YES;
				COPY_PHASE_STRIP = NO;
				DEBUG_INFORMATION_FORMAT = dwarf;
				ENABLE_STRICT_OBJC_MSGSEND = YES;
				ENABLE_TESTABILITY = YES;
				ENABLE_USER_SCRIPT_SANDBOXING = NO;
				GCC_C_LANGUAGE_STANDARD = gnu17;
				GCC_DYNAMIC_NO_PIC = NO;
				GCC_NO_COMMON_BLOCKS = YES;
				GCC_OPTIMIZATION_LEVEL = 0;
				GCC_PREPROCESSOR_DEFINITIONS = (
					"DEBUG=1",
					"$(inherited)",
				);
				GCC_WARN_64_TO_32_BIT_CONVERSION = YES;
				GCC_WARN_ABOUT_RETURN_TYPE = YES_ERROR;
				GCC_WARN_UNDECLARED_SELECTOR = YES;
				GCC_WARN_UNINITIALIZED_AUTOS = YES_AGGRESSIVE;
				GCC_WARN_UNUSED_FUNCTION = YES;
				GCC_WARN_UNUSED_VARIABLE = YES;
				IPHONEOS_DEPLOYMENT_TARGET = 17.5;
				LOCALIZATION_PREFERS_STRING_CATALOGS = YES;
				MTL_ENABLE_DEBUG_INFO = INCLUDE_SOURCE;
				MTL_FAST_MATH = YES;
				ONLY_ACTIVE_ARCH = YES;
				SDKROOT = iphoneos;
				SWIFT_ACTIVE_COMPILATION_CONDITIONS = "DEBUG $(inherited)";
				SWIFT_OPTIMIZATION_LEVEL = "-Onone";
			};
			name = Debug;
		};
		89B425212D1E63C5002CEC2F /* Release */ = {
			isa = XCBuildConfiguration;
			buildSettings = {
				ALWAYS_SEARCH_USER_PATHS = NO;
				ASSETCATALOG_COMPILER_GENERATE_SWIFT_ASSET_SYMBOL_EXTENSIONS = YES;
				CLANG_ANALYZER_NONNULL = YES;
				CLANG_ANALYZER_NUMBER_OBJECT_CONVERSION = YES_AGGRESSIVE;
				CLANG_CXX_LANGUAGE_STANDARD = "gnu++20";
				CLANG_ENABLE_MODULES = YES;
				CLANG_ENABLE_OBJC_ARC = YES;
				CLANG_ENABLE_OBJC_WEAK = YES;
				CLANG_WARN_BLOCK_CAPTURE_AUTORELEASING = YES;
				CLANG_WARN_BOOL_CONVERSION = YES;
				CLANG_WARN_COMMA = YES;
				CLANG_WARN_CONSTANT_CONVERSION = YES;
				CLANG_WARN_DEPRECATED_OBJC_IMPLEMENTATIONS = YES;
				CLANG_WARN_DIRECT_OBJC_ISA_USAGE = YES_ERROR;
				CLANG_WARN_DOCUMENTATION_COMMENTS = YES;
				CLANG_WARN_EMPTY_BODY = YES;
				CLANG_WARN_ENUM_CONVERSION = YES;
				CLANG_WARN_INFINITE_RECURSION = YES;
				CLANG_WARN_INT_CONVERSION = YES;
				CLANG_WARN_NON_LITERAL_NULL_CONVERSION = YES;
				CLANG_WARN_OBJC_IMPLICIT_RETAIN_SELF = YES;
				CLANG_WARN_OBJC_LITERAL_CONVERSION = YES;
				CLANG_WARN_OBJC_ROOT_CLASS = YES_ERROR;
				CLANG_WARN_QUOTED_INCLUDE_IN_FRAMEWORK_HEADER = YES;
				CLANG_WARN_RANGE_LOOP_ANALYSIS = YES;
				CLANG_WARN_STRICT_PROTOTYPES = YES;
				CLANG_WARN_SUSPICIOUS_MOVE = YES;
				CLANG_WARN_UNGUARDED_AVAILABILITY = YES_AGGRESSIVE;
				CLANG_WARN_UNREACHABLE_CODE = YES;
				CLANG_WARN__DUPLICATE_METHOD_MATCH = YES;
				COPY_PHASE_STRIP = NO;
				DEBUG_INFORMATION_FORMAT = "dwarf-with-dsym";
				ENABLE_NS_ASSERTIONS = NO;
				ENABLE_STRICT_OBJC_MSGSEND = YES;
				ENABLE_USER_SCRIPT_SANDBOXING = NO;
				GCC_C_LANGUAGE_STANDARD = gnu17;
				GCC_NO_COMMON_BLOCKS = YES;
				GCC_WARN_64_TO_32_BIT_CONVERSION = YES;
				GCC_WARN_ABOUT_RETURN_TYPE = YES_ERROR;
				GCC_WARN_UNDECLARED_SELECTOR = YES;
				GCC_WARN_UNINITIALIZED_AUTOS = YES_AGGRESSIVE;
				GCC_WARN_UNUSED_FUNCTION = YES;
				GCC_WARN_UNUSED_VARIABLE = YES;
				IPHONEOS_DEPLOYMENT_TARGET = 17.5;
				LOCALIZATION_PREFERS_STRING_CATALOGS = YES;
				MTL_ENABLE_DEBUG_INFO = NO;
				MTL_FAST_MATH = YES;
				SDKROOT = iphoneos;
				SWIFT_COMPILATION_MODE = wholemodule;
				VALIDATE_PRODUCT = YES;
			};
			name = Release;
		};
		89B425232D1E63C5002CEC2F /* Debug */ = {
			isa = XCBuildConfiguration;
			baseConfigurationReference = BC09F78F3C8193826C4E7461 /* Pods-pruebaGoNet-BBVA.debug.xcconfig */;
			buildSettings = {
				ASSETCATALOG_COMPILER_APPICON_NAME = AppIcon;
				ASSETCATALOG_COMPILER_GLOBAL_ACCENT_COLOR_NAME = AccentColor;
				CODE_SIGN_STYLE = Automatic;
				CURRENT_PROJECT_VERSION = 1;
				DEVELOPMENT_TEAM = 97A86DDCDX;
				GENERATE_INFOPLIST_FILE = YES;
				INFOPLIST_FILE = "pruebaGoNet-BBVA/Info.plist";
				INFOPLIST_KEY_UIApplicationSupportsIndirectInputEvents = YES;
				INFOPLIST_KEY_UILaunchStoryboardName = LaunchScreen;
				INFOPLIST_KEY_UIMainStoryboardFile = Main;
				INFOPLIST_KEY_UISupportedInterfaceOrientations_iPad = "UIInterfaceOrientationPortrait UIInterfaceOrientationPortraitUpsideDown UIInterfaceOrientationLandscapeLeft UIInterfaceOrientationLandscapeRight";
				INFOPLIST_KEY_UISupportedInterfaceOrientations_iPhone = "UIInterfaceOrientationPortrait UIInterfaceOrientationLandscapeLeft UIInterfaceOrientationLandscapeRight";
				LD_RUNPATH_SEARCH_PATHS = (
					"$(inherited)",
					"@executable_path/Frameworks",
				);
				MARKETING_VERSION = 1.0;
				PRODUCT_BUNDLE_IDENTIFIER = "com.ricardo.gonzalez.pruebaGoNet-BBVA";
				PRODUCT_NAME = "$(TARGET_NAME)";
				SWIFT_EMIT_LOC_STRINGS = YES;
				SWIFT_VERSION = 5.0;
				TARGETED_DEVICE_FAMILY = "1,2";
			};
			name = Debug;
		};
		89B425242D1E63C5002CEC2F /* Release */ = {
			isa = XCBuildConfiguration;
			baseConfigurationReference = C688471DE6E7E70325E9509C /* Pods-pruebaGoNet-BBVA.release.xcconfig */;
			buildSettings = {
				ASSETCATALOG_COMPILER_APPICON_NAME = AppIcon;
				ASSETCATALOG_COMPILER_GLOBAL_ACCENT_COLOR_NAME = AccentColor;
				CODE_SIGN_STYLE = Automatic;
				CURRENT_PROJECT_VERSION = 1;
				DEVELOPMENT_TEAM = 97A86DDCDX;
				GENERATE_INFOPLIST_FILE = YES;
				INFOPLIST_FILE = "pruebaGoNet-BBVA/Info.plist";
				INFOPLIST_KEY_UIApplicationSupportsIndirectInputEvents = YES;
				INFOPLIST_KEY_UILaunchStoryboardName = LaunchScreen;
				INFOPLIST_KEY_UIMainStoryboardFile = Main;
				INFOPLIST_KEY_UISupportedInterfaceOrientations_iPad = "UIInterfaceOrientationPortrait UIInterfaceOrientationPortraitUpsideDown UIInterfaceOrientationLandscapeLeft UIInterfaceOrientationLandscapeRight";
				INFOPLIST_KEY_UISupportedInterfaceOrientations_iPhone = "UIInterfaceOrientationPortrait UIInterfaceOrientationLandscapeLeft UIInterfaceOrientationLandscapeRight";
				LD_RUNPATH_SEARCH_PATHS = (
					"$(inherited)",
					"@executable_path/Frameworks",
				);
				MARKETING_VERSION = 1.0;
				PRODUCT_BUNDLE_IDENTIFIER = "com.ricardo.gonzalez.pruebaGoNet-BBVA";
				PRODUCT_NAME = "$(TARGET_NAME)";
				SWIFT_EMIT_LOC_STRINGS = YES;
				SWIFT_VERSION = 5.0;
				TARGETED_DEVICE_FAMILY = "1,2";
			};
			name = Release;
		};
/* End XCBuildConfiguration section */

/* Begin XCConfigurationList section */
		89B425092D1E63C4002CEC2F /* Build configuration list for PBXProject "pruebaGoNet-BBVA" */ = {
			isa = XCConfigurationList;
			buildConfigurations = (
				89B425202D1E63C5002CEC2F /* Debug */,
				89B425212D1E63C5002CEC2F /* Release */,
			);
			defaultConfigurationIsVisible = 0;
			defaultConfigurationName = Release;
		};
		89B425222D1E63C5002CEC2F /* Build configuration list for PBXNativeTarget "pruebaGoNet-BBVA" */ = {
			isa = XCConfigurationList;
			buildConfigurations = (
				89B425232D1E63C5002CEC2F /* Debug */,
				89B425242D1E63C5002CEC2F /* Release */,
			);
			defaultConfigurationIsVisible = 0;
			defaultConfigurationName = Release;
		};
/* End XCConfigurationList section */
	};
	rootObject = 89B425062D1E63C4002CEC2F /* Project object */;
}
